
Microsoft Visual Studio Solution File, Format Version 12.00
# Visual Studio Version 16
VisualStudioVersion = 16.0.29209.62
MinimumVisualStudioVersion = 10.0.40219.1
Project("{9A19103F-16F7-4668-BE54-9A1E7A4F7556}") = "GeeksDirectory.Web", "GeeksDirectory.Web\GeeksDirectory.Web.csproj", "{0E352F00-FAF8-4B16-BF4A-53F2AC7436CD}"
EndProject
Project("{9A19103F-16F7-4668-BE54-9A1E7A4F7556}") = "GeeksDirectory.Domain", "GeeksDirectory.Domain\GeeksDirectory.Domain.csproj", "{22C7C56A-D8B0-42C3-8D76-92EA81E8CA11}"
EndProject
Project("{9A19103F-16F7-4668-BE54-9A1E7A4F7556}") = "GeeksDirectory.Infrastructure", "GeeksDirectory.Infrastructure\GeeksDirectory.Infrastructure.csproj", "{0FBF71F3-08E2-4D99-921B-CD567CB1CC6E}"
EndProject
Project("{9A19103F-16F7-4668-BE54-9A1E7A4F7556}") = "GeeksDirectory.Services", "GeeksDirectory.Services\GeeksDirectory.Services.csproj", "{1002A10A-8510-4A29-92C7-DE629E38B8F8}"
EndProject
Global
	GlobalSection(SolutionConfigurationPlatforms) = preSolution
		Debug|Any CPU = Debug|Any CPU
		Release|Any CPU = Release|Any CPU
	EndGlobalSection
	GlobalSection(ProjectConfigurationPlatforms) = postSolution
		{0E352F00-FAF8-4B16-BF4A-53F2AC7436CD}.Debug|Any CPU.ActiveCfg = Debug|Any CPU
		{0E352F00-FAF8-4B16-BF4A-53F2AC7436CD}.Debug|Any CPU.Build.0 = Debug|Any CPU
		{0E352F00-FAF8-4B16-BF4A-53F2AC7436CD}.Release|Any CPU.ActiveCfg = Release|Any CPU
		{0E352F00-FAF8-4B16-BF4A-53F2AC7436CD}.Release|Any CPU.Build.0 = Release|Any CPU
		{22C7C56A-D8B0-42C3-8D76-92EA81E8CA11}.Debug|Any CPU.ActiveCfg = Debug|Any CPU
		{22C7C56A-D8B0-42C3-8D76-92EA81E8CA11}.Debug|Any CPU.Build.0 = Debug|Any CPU
		{22C7C56A-D8B0-42C3-8D76-92EA81E8CA11}.Release|Any CPU.ActiveCfg = Release|Any CPU
		{22C7C56A-D8B0-42C3-8D76-92EA81E8CA11}.Release|Any CPU.Build.0 = Release|Any CPU
		{0FBF71F3-08E2-4D99-921B-CD567CB1CC6E}.Debug|Any CPU.ActiveCfg = Debug|Any CPU
		{0FBF71F3-08E2-4D99-921B-CD567CB1CC6E}.Debug|Any CPU.Build.0 = Debug|Any CPU
		{0FBF71F3-08E2-4D99-921B-CD567CB1CC6E}.Release|Any CPU.ActiveCfg = Release|Any CPU
		{0FBF71F3-08E2-4D99-921B-CD567CB1CC6E}.Release|Any CPU.Build.0 = Release|Any CPU
		{1002A10A-8510-4A29-92C7-DE629E38B8F8}.Debug|Any CPU.ActiveCfg = Debug|Any CPU
		{1002A10A-8510-4A29-92C7-DE629E38B8F8}.Debug|Any CPU.Build.0 = Debug|Any CPU
		{1002A10A-8510-4A29-92C7-DE629E38B8F8}.Release|Any CPU.ActiveCfg = Release|Any CPU
		{1002A10A-8510-4A29-92C7-DE629E38B8F8}.Release|Any CPU.Build.0 = Release|Any CPU
	EndGlobalSection
	GlobalSection(SolutionProperties) = preSolution
		HideSolutionNode = FALSE
	EndGlobalSection
	GlobalSection(ExtensibilityGlobals) = postSolution
		SolutionGuid = {746B0CE4-51DF-4552-8CC7-F15F60F4FCA3}
	EndGlobalSection
EndGlobal
